// !$*UTF8*$!
{
	archiveVersion = 1;
	classes = {
	};
	objectVersion = 46;
	objects = {

/* Begin PBXBuildFile section */
		273943FE1913ED030028E129 /* Foundation.framework in Frameworks */ = {isa = PBXBuildFile; fileRef = 273943FD1913ED030028E129 /* Foundation.framework */; };
		273944001913ED030028E129 /* CoreGraphics.framework in Frameworks */ = {isa = PBXBuildFile; fileRef = 273943FF1913ED030028E129 /* CoreGraphics.framework */; };
		273944021913ED030028E129 /* UIKit.framework in Frameworks */ = {isa = PBXBuildFile; fileRef = 273944011913ED030028E129 /* UIKit.framework */; };
		273944081913ED030028E129 /* InfoPlist.strings in Resources */ = {isa = PBXBuildFile; fileRef = 273944061913ED030028E129 /* InfoPlist.strings */; };
		2739440A1913ED030028E129 /* main.m in Sources */ = {isa = PBXBuildFile; fileRef = 273944091913ED030028E129 /* main.m */; };
		2739440E1913ED030028E129 /* AppDelegate.m in Sources */ = {isa = PBXBuildFile; fileRef = 2739440D1913ED030028E129 /* AppDelegate.m */; };
		273944111913ED030028E129 /* Main.storyboard in Resources */ = {isa = PBXBuildFile; fileRef = 2739440F1913ED030028E129 /* Main.storyboard */; };
		273944141913ED030028E129 /* ViewController.m in Sources */ = {isa = PBXBuildFile; fileRef = 273944131913ED030028E129 /* ViewController.m */; };
		273944161913ED030028E129 /* Images.xcassets in Resources */ = {isa = PBXBuildFile; fileRef = 273944151913ED030028E129 /* Images.xcassets */; };
		2739441D1913ED040028E129 /* XCTest.framework in Frameworks */ = {isa = PBXBuildFile; fileRef = 2739441C1913ED040028E129 /* XCTest.framework */; };
		2739441E1913ED040028E129 /* Foundation.framework in Frameworks */ = {isa = PBXBuildFile; fileRef = 273943FD1913ED030028E129 /* Foundation.framework */; };
		2739441F1913ED040028E129 /* UIKit.framework in Frameworks */ = {isa = PBXBuildFile; fileRef = 273944011913ED030028E129 /* UIKit.framework */; };
		273944271913ED040028E129 /* InfoPlist.strings in Resources */ = {isa = PBXBuildFile; fileRef = 273944251913ED040028E129 /* InfoPlist.strings */; };
		273944291913ED040028E129 /* Login_DemoTests.m in Sources */ = {isa = PBXBuildFile; fileRef = 273944281913ED040028E129 /* Login_DemoTests.m */; };
/* End PBXBuildFile section */

/* Begin PBXContainerItemProxy section */
		273944201913ED040028E129 /* PBXContainerItemProxy */ = {
			isa = PBXContainerItemProxy;
			containerPortal = 273943F21913ED030028E129 /* Project object */;
			proxyType = 1;
			remoteGlobalIDString = 273943F91913ED030028E129;
			remoteInfo = "Login Demo";
		};
/* End PBXContainerItemProxy section */

/* Begin PBXFileReference section */
		273943FA1913ED030028E129 /* Login Demo.app */ = {isa = PBXFileReference; explicitFileType = wrapper.application; includeInIndex = 0; path = "Login Demo.app"; sourceTree = BUILT_PRODUCTS_DIR; };
		273943FD1913ED030028E129 /* Foundation.framework */ = {isa = PBXFileReference; lastKnownFileType = wrapper.framework; name = Foundation.framework; path = System/Library/Frameworks/Foundation.framework; sourceTree = SDKROOT; };
		273943FF1913ED030028E129 /* CoreGraphics.framework */ = {isa = PBXFileReference; lastKnownFileType = wrapper.framework; name = CoreGraphics.framework; path = System/Library/Frameworks/CoreGraphics.framework; sourceTree = SDKROOT; };
		273944011913ED030028E129 /* UIKit.framework */ = {isa = PBXFileReference; lastKnownFileType = wrapper.framework; name = UIKit.framework; path = System/Library/Frameworks/UIKit.framework; sourceTree = SDKROOT; };
		273944051913ED030028E129 /* Login Demo-Info.plist */ = {isa = PBXFileReference; lastKnownFileType = text.plist.xml; path = "Login Demo-Info.plist"; sourceTree = "<group>"; };
		273944071913ED030028E129 /* en */ = {isa = PBXFileReference; lastKnownFileType = text.plist.strings; name = en; path = en.lproj/InfoPlist.strings; sourceTree = "<group>"; };
		273944091913ED030028E129 /* main.m */ = {isa = PBXFileReference; lastKnownFileType = sourcecode.c.objc; path = main.m; sourceTree = "<group>"; };
		2739440B1913ED030028E129 /* Login Demo-Prefix.pch */ = {isa = PBXFileReference; lastKnownFileType = sourcecode.c.h; path = "Login Demo-Prefix.pch"; sourceTree = "<group>"; };
		2739440C1913ED030028E129 /* AppDelegate.h */ = {isa = PBXFileReference; lastKnownFileType = sourcecode.c.h; path = AppDelegate.h; sourceTree = "<group>"; };
		2739440D1913ED030028E129 /* AppDelegate.m */ = {isa = PBXFileReference; lastKnownFileType = sourcecode.c.objc; path = AppDelegate.m; sourceTree = "<group>"; };
		273944101913ED030028E129 /* Base */ = {isa = PBXFileReference; lastKnownFileType = file.storyboard; name = Base; path = Base.lproj/Main.storyboard; sourceTree = "<group>"; };
		273944121913ED030028E129 /* ViewController.h */ = {isa = PBXFileReference; lastKnownFileType = sourcecode.c.h; path = ViewController.h; sourceTree = "<group>"; };
		273944131913ED030028E129 /* ViewController.m */ = {isa = PBXFileReference; lastKnownFileType = sourcecode.c.objc; path = ViewController.m; sourceTree = "<group>"; };
		273944151913ED030028E129 /* Images.xcassets */ = {isa = PBXFileReference; lastKnownFileType = folder.assetcatalog; path = Images.xcassets; sourceTree = "<group>"; };
		2739441B1913ED040028E129 /* Login DemoTests.xctest */ = {isa = PBXFileReference; explicitFileType = wrapper.cfbundle; includeInIndex = 0; path = "Login DemoTests.xctest"; sourceTree = BUILT_PRODUCTS_DIR; };
		2739441C1913ED040028E129 /* XCTest.framework */ = {isa = PBXFileReference; lastKnownFileType = wrapper.framework; name = XCTest.framework; path = Library/Frameworks/XCTest.framework; sourceTree = DEVELOPER_DIR; };
		273944241913ED040028E129 /* Login DemoTests-Info.plist */ = {isa = PBXFileReference; lastKnownFileType = text.plist.xml; path = "Login DemoTests-Info.plist"; sourceTree = "<group>"; };
		273944261913ED040028E129 /* en */ = {isa = PBXFileReference; lastKnownFileType = text.plist.strings; name = en; path = en.lproj/InfoPlist.strings; sourceTree = "<group>"; };
		273944281913ED040028E129 /* Login_DemoTests.m */ = {isa = PBXFileReference; lastKnownFileType = sourcecode.c.objc; path = Login_DemoTests.m; sourceTree = "<group>"; };
/* End PBXFileReference section */

/* Begin PBXFrameworksBuildPhase section */
		273943F71913ED030028E129 /* Frameworks */ = {
			isa = PBXFrameworksBuildPhase;
			buildActionMask = 2147483647;
			files = (
				273944001913ED030028E129 /* CoreGraphics.framework in Frameworks */,
				273944021913ED030028E129 /* UIKit.framework in Frameworks */,
				273943FE1913ED030028E129 /* Foundation.framework in Frameworks */,
			);
			runOnlyForDeploymentPostprocessing = 0;
		};
		273944181913ED040028E129 /* Frameworks */ = {
			isa = PBXFrameworksBuildPhase;
			buildActionMask = 2147483647;
			files = (
				2739441D1913ED040028E129 /* XCTest.framework in Frameworks */,
				2739441F1913ED040028E129 /* UIKit.framework in Frameworks */,
				2739441E1913ED040028E129 /* Foundation.framework in Frameworks */,
			);
			runOnlyForDeploymentPostprocessing = 0;
		};
/* End PBXFrameworksBuildPhase section */

/* Begin PBXGroup section */
		273943F11913ED030028E129 = {
			isa = PBXGroup;
			children = (
				273944031913ED030028E129 /* Login Demo */,
				273944221913ED040028E129 /* Login DemoTests */,
				273943FC1913ED030028E129 /* Frameworks */,
				273943FB1913ED030028E129 /* Products */,
			);
			sourceTree = "<group>";
		};
		273943FB1913ED030028E129 /* Products */ = {
			isa = PBXGroup;
			children = (
				273943FA1913ED030028E129 /* Login Demo.app */,
				2739441B1913ED040028E129 /* Login DemoTests.xctest */,
			);
			name = Products;
			sourceTree = "<group>";
		};
		273943FC1913ED030028E129 /* Frameworks */ = {
			isa = PBXGroup;
			children = (
				273943FD1913ED030028E129 /* Foundation.framework */,
				273943FF1913ED030028E129 /* CoreGraphics.framework */,
				273944011913ED030028E129 /* UIKit.framework */,
				2739441C1913ED040028E129 /* XCTest.framework */,
			);
			name = Frameworks;
			sourceTree = "<group>";
		};
		273944031913ED030028E129 /* Login Demo */ = {
			isa = PBXGroup;
			children = (
				2739440C1913ED030028E129 /* AppDelegate.h */,
				2739440D1913ED030028E129 /* AppDelegate.m */,
				2739440F1913ED030028E129 /* Main.storyboard */,
				273944121913ED030028E129 /* ViewController.h */,
				273944131913ED030028E129 /* ViewController.m */,
				273944151913ED030028E129 /* Images.xcassets */,
				273944041913ED030028E129 /* Supporting Files */,
			);
			path = "Login Demo";
			sourceTree = "<group>";
		};
		273944041913ED030028E129 /* Supporting Files */ = {
			isa = PBXGroup;
			children = (
				273944051913ED030028E129 /* Login Demo-Info.plist */,
				273944061913ED030028E129 /* InfoPlist.strings */,
				273944091913ED030028E129 /* main.m */,
				2739440B1913ED030028E129 /* Login Demo-Prefix.pch */,
			);
			name = "Supporting Files";
			sourceTree = "<group>";
		};
		273944221913ED040028E129 /* Login DemoTests */ = {
			isa = PBXGroup;
			children = (
				273944281913ED040028E129 /* Login_DemoTests.m */,
				273944231913ED040028E129 /* Supporting Files */,
			);
			path = "Login DemoTests";
			sourceTree = "<group>";
		};
		273944231913ED040028E129 /* Supporting Files */ = {
			isa = PBXGroup;
			children = (
				273944241913ED040028E129 /* Login DemoTests-Info.plist */,
				273944251913ED040028E129 /* InfoPlist.strings */,
			);
			name = "Supporting Files";
			sourceTree = "<group>";
		};
/* End PBXGroup section */

/* Begin PBXNativeTarget section */
		273943F91913ED030028E129 /* Login Demo */ = {
			isa = PBXNativeTarget;
			buildConfigurationList = 2739442C1913ED040028E129 /* Build configuration list for PBXNativeTarget "Login Demo" */;
			buildPhases = (
				273943F61913ED030028E129 /* Sources */,
				273943F71913ED030028E129 /* Frameworks */,
				273943F81913ED030028E129 /* Resources */,
			);
			buildRules = (
			);
			dependencies = (
			);
			name = "Login Demo";
			productName = "Login Demo";
			productReference = 273943FA1913ED030028E129 /* Login Demo.app */;
			productType = "com.apple.product-type.application";
		};
		2739441A1913ED040028E129 /* Login DemoTests */ = {
			isa = PBXNativeTarget;
			buildConfigurationList = 2739442F1913ED040028E129 /* Build configuration list for PBXNativeTarget "Login DemoTests" */;
			buildPhases = (
				273944171913ED040028E129 /* Sources */,
				273944181913ED040028E129 /* Frameworks */,
				273944191913ED040028E129 /* Resources */,
			);
			buildRules = (
			);
			dependencies = (
				273944211913ED040028E129 /* PBXTargetDependency */,
			);
			name = "Login DemoTests";
			productName = "Login DemoTests";
			productReference = 2739441B1913ED040028E129 /* Login DemoTests.xctest */;
			productType = "com.apple.product-type.bundle.unit-test";
		};
/* End PBXNativeTarget section */

/* Begin PBXProject section */
		273943F21913ED030028E129 /* Project object */ = {
			isa = PBXProject;
			attributes = {
				LastUpgradeCheck = 0510;
				ORGANIZATIONNAME = "Jorge Casariego";
				TargetAttributes = {
					2739441A1913ED040028E129 = {
						TestTargetID = 273943F91913ED030028E129;
					};
				};
			};
			buildConfigurationList = 273943F51913ED030028E129 /* Build configuration list for PBXProject "Login Demo" */;
			compatibilityVersion = "Xcode 3.2";
			developmentRegion = English;
			hasScannedForEncodings = 0;
			knownRegions = (
				en,
				Base,
			);
			mainGroup = 273943F11913ED030028E129;
			productRefGroup = 273943FB1913ED030028E129 /* Products */;
			projectDirPath = "";
			projectRoot = "";
			targets = (
				273943F91913ED030028E129 /* Login Demo */,
				2739441A1913ED040028E129 /* Login DemoTests */,
			);
		};
/* End PBXProject section */

/* Begin PBXResourcesBuildPhase section */
		273943F81913ED030028E129 /* Resources */ = {
			isa = PBXResourcesBuildPhase;
			buildActionMask = 2147483647;
			files = (
				273944161913ED030028E129 /* Images.xcassets in Resources */,
				273944081913ED030028E129 /* InfoPlist.strings in Resources */,
				273944111913ED030028E129 /* Main.storyboard in Resources */,
			);
			runOnlyForDeploymentPostprocessing = 0;
		};
		273944191913ED040028E129 /* Resources */ = {
			isa = PBXResourcesBuildPhase;
			buildActionMask = 2147483647;
			files = (
				273944271913ED040028E129 /* InfoPlist.strings in Resources */,
			);
			runOnlyForDeploymentPostprocessing = 0;
		};
/* End PBXResourcesBuildPhase section */

/* Begin PBXSourcesBuildPhase section */
		273943F61913ED030028E129 /* Sources */ = {
			isa = PBXSourcesBuildPhase;
			buildActionMask = 2147483647;
			files = (
				273944141913ED030028E129 /* ViewController.m in Sources */,
				2739440E1913ED030028E129 /* AppDelegate.m in Sources */,
				2739440A1913ED030028E129 /* main.m in Sources */,
			);
			runOnlyForDeploymentPostprocessing = 0;
		};
		273944171913ED040028E129 /* Sources */ = {
			isa = PBXSourcesBuildPhase;
			buildActionMask = 2147483647;
			files = (
				273944291913ED040028E129 /* Login_DemoTests.m in Sources */,
			);
			runOnlyForDeploymentPostprocessing = 0;
		};
/* End PBXSourcesBuildPhase section */

/* Begin PBXTargetDependency section */
		273944211913ED040028E129 /* PBXTargetDependency */ = {
			isa = PBXTargetDependency;
			target = 273943F91913ED030028E129 /* Login Demo */;
			targetProxy = 273944201913ED040028E129 /* PBXContainerItemProxy */;
		};
/* End PBXTargetDependency section */

/* Begin PBXVariantGroup section */
		273944061913ED030028E129 /* InfoPlist.strings */ = {
			isa = PBXVariantGroup;
			children = (
				273944071913ED030028E129 /* en */,
			);
			name = InfoPlist.strings;
			sourceTree = "<group>";
		};
		2739440F1913ED030028E129 /* Main.storyboard */ = {
			isa = PBXVariantGroup;
			children = (
				273944101913ED030028E129 /* Base */,
			);
			name = Main.storyboard;
			sourceTree = "<group>";
		};
		273944251913ED040028E129 /* InfoPlist.strings */ = {
			isa = PBXVariantGroup;
			children = (
				273944261913ED040028E129 /* en */,
			);
			name = InfoPlist.strings;
			sourceTree = "<group>";
		};
/* End PBXVariantGroup section */

/* Begin XCBuildConfiguration section */
		2739442A1913ED040028E129 /* Debug */ = {
			isa = XCBuildConfiguration;
			buildSettings = {
				ALWAYS_SEARCH_USER_PATHS = NO;
				CLANG_CXX_LANGUAGE_STANDARD = "gnu++0x";
				CLANG_CXX_LIBRARY = "libc++";
				CLANG_ENABLE_MODULES = YES;
				CLANG_ENABLE_OBJC_ARC = YES;
				CLANG_WARN_BOOL_CONVERSION = YES;
				CLANG_WARN_CONSTANT_CONVERSION = YES;
				CLANG_WARN_DIRECT_OBJC_ISA_USAGE = YES_ERROR;
				CLANG_WARN_EMPTY_BODY = YES;
				CLANG_WARN_ENUM_CONVERSION = YES;
				CLANG_WARN_INT_CONVERSION = YES;
				CLANG_WARN_OBJC_ROOT_CLASS = YES_ERROR;
				CLANG_WARN__DUPLICATE_METHOD_MATCH = YES;
				"CODE_SIGN_IDENTITY[sdk=iphoneos*]" = "iPhone Developer";
				COPY_PHASE_STRIP = NO;
				GCC_C_LANGUAGE_STANDARD = gnu99;
				GCC_DYNAMIC_NO_PIC = NO;
				GCC_OPTIMIZATION_LEVEL = 0;
				GCC_PREPROCESSOR_DEFINITIONS = (
					"DEBUG=1",
					"$(inherited)",
				);
				GCC_SYMBOLS_PRIVATE_EXTERN = NO;
				GCC_WARN_64_TO_32_BIT_CONVERSION = YES;
				GCC_WARN_ABOUT_RETURN_TYPE = YES_ERROR;
				GCC_WARN_UNDECLARED_SELECTOR = YES;
				GCC_WARN_UNINITIALIZED_AUTOS = YES_AGGRESSIVE;
				GCC_WARN_UNUSED_FUNCTION = YES;
				GCC_WARN_UNUSED_VARIABLE = YES;
				IPHONEOS_DEPLOYMENT_TARGET = 7.1;
				ONLY_ACTIVE_ARCH = YES;
				SDKROOT = iphoneos;
			};
			name = Debug;
		};
		2739442B1913ED040028E129 /* Release */ = {
			isa = XCBuildConfiguration;
			buildSettings = {
				ALWAYS_SEARCH_USER_PATHS = NO;
				CLANG_CXX_LANGUAGE_STANDARD = "gnu++0x";
				CLANG_CXX_LIBRARY = "libc++";
				CLANG_ENABLE_MODULES = YES;
				CLANG_ENABLE_OBJC_ARC = YES;
				CLANG_WARN_BOOL_CONVERSION = YES;
				CLANG_WARN_CONSTANT_CONVERSION = YES;
				CLANG_WARN_DIRECT_OBJC_ISA_USAGE = YES_ERROR;
				CLANG_WARN_EMPTY_BODY = YES;
				CLANG_WARN_ENUM_CONVERSION = YES;
				CLANG_WARN_INT_CONVERSION = YES;
				CLANG_WARN_OBJC_ROOT_CLASS = YES_ERROR;
				CLANG_WARN__DUPLICATE_METHOD_MATCH = YES;
				"CODE_SIGN_IDENTITY[sdk=iphoneos*]" = "iPhone Developer";
				COPY_PHASE_STRIP = YES;
				ENABLE_NS_ASSERTIONS = NO;
				GCC_C_LANGUAGE_STANDARD = gnu99;
				GCC_WARN_64_TO_32_BIT_CONVERSION = YES;
				GCC_WARN_ABOUT_RETURN_TYPE = YES_ERROR;
				GCC_WARN_UNDECLARED_SELECTOR = YES;
				GCC_WARN_UNINITIALIZED_AUTOS = YES_AGGRESSIVE;
				GCC_WARN_UNUSED_FUNCTION = YES;
				GCC_WARN_UNUSED_VARIABLE = YES;
				IPHONEOS_DEPLOYMENT_TARGET = 7.1;
				SDKROOT = iphoneos;
				VALIDATE_PRODUCT = YES;
			};
			name = Release;
		};
		2739442D1913ED040028E129 /* Debug */ = {
			isa = XCBuildConfiguration;
			buildSettings = {
				ASSETCATALOG_COMPILER_APPICON_NAME = AppIcon;
				ASSETCATALOG_COMPILER_LAUNCHIMAGE_NAME = LaunchImage;
				GCC_PRECOMPILE_PREFIX_HEADER = YES;
				GCC_PREFIX_HEADER = "Login Demo/Login Demo-Prefix.pch";
				INFOPLIST_FILE = "Login Demo/Login Demo-Info.plist";
				PRODUCT_NAME = "$(TARGET_NAME)";
				WRAPPER_EXTENSION = app;
			};
			name = Debug;
		};
		2739442E1913ED040028E129 /* Release */ = {
			isa = XCBuildConfiguration;
			buildSettings = {
				ASSETCATALOG_COMPILER_APPICON_NAME = AppIcon;
				ASSETCATALOG_COMPILER_LAUNCHIMAGE_NAME = LaunchImage;
				GCC_PRECOMPILE_PREFIX_HEADER = YES;
				GCC_PREFIX_HEADER = "Login Demo/Login Demo-Prefix.pch";
				INFOPLIST_FILE = "Login Demo/Login Demo-Info.plist";
				PRODUCT_NAME = "$(TARGET_NAME)";
				WRAPPER_EXTENSION = app;
			};
			name = Release;
		};
		273944301913ED040028E129 /* Debug */ = {
			isa = XCBuildConfiguration;
			buildSettings = {
				BUNDLE_LOADER = "$(BUILT_PRODUCTS_DIR)/Login Demo.app/Login Demo";
				FRAMEWORK_SEARCH_PATHS = (
					"$(SDKROOT)/Developer/Library/Frameworks",
					"$(inherited)",
					"$(DEVELOPER_FRAMEWORKS_DIR)",
				);
				GCC_PRECOMPILE_PREFIX_HEADER = YES;
				GCC_PREFIX_HEADER = "Login Demo/Login Demo-Prefix.pch";
				GCC_PREPROCESSOR_DEFINITIONS = (
					"DEBUG=1",
					"$(inherited)",
				);
				INFOPLIST_FILE = "Login DemoTests/Login DemoTests-Info.plist";
				PRODUCT_NAME = "$(TARGET_NAME)";
				TEST_HOST = "$(BUNDLE_LOADER)";
				WRAPPER_EXTENSION = xctest;
			};
			name = Debug;
		};
		273944311913ED040028E129 /* Release */ = {
			isa = XCBuildConfiguration;
			buildSettings = {
				BUNDLE_LOADER = "$(BUILT_PRODUCTS_DIR)/Login Demo.app/Login Demo";
				FRAMEWORK_SEARCH_PATHS = (
					"$(SDKROOT)/Developer/Library/Frameworks",
					"$(inherited)",
					"$(DEVELOPER_FRAMEWORKS_DIR)",
				);
				GCC_PRECOMPILE_PREFIX_HEADER = YES;
				GCC_PREFIX_HEADER = "Login Demo/Login Demo-Prefix.pch";
				INFOPLIST_FILE = "Login DemoTests/Login DemoTests-Info.plist";
				PRODUCT_NAME = "$(TARGET_NAME)";
				TEST_HOST = "$(BUNDLE_LOADER)";
				WRAPPER_EXTENSION = xctest;
			};
			name = Release;
		};
/* End XCBuildConfiguration section */

/* Begin XCConfigurationList section */
		273943F51913ED030028E129 /* Build configuration list for PBXProject "Login Demo" */ = {
			isa = XCConfigurationList;
			buildConfigurations = (
				2739442A1913ED040028E129 /* Debug */,
				2739442B1913ED040028E129 /* Release */,
			);
			defaultConfigurationIsVisible = 0;
			defaultConfigurationName = Release;
		};
		2739442C1913ED040028E129 /* Build configuration list for PBXNativeTarget "Login Demo" */ = {
			isa = XCConfigurationList;
			buildConfigurations = (
				2739442D1913ED040028E129 /* Debug */,
				2739442E1913ED040028E129 /* Release */,
			);
			defaultConfigurationIsVisible = 0;
		};
		2739442F1913ED040028E129 /* Build configuration list for PBXNativeTarget "Login DemoTests" */ = {
			isa = XCConfigurationList;
			buildConfigurations = (
				273944301913ED040028E129 /* Debug */,
				273944311913ED040028E129 /* Release */,
			);
			defaultConfigurationIsVisible = 0;
		};
/* End XCConfigurationList section */
	};
	rootObject = 273943F21913ED030028E129 /* Project object */;
}
